{
  "version": 4,
  "terraform_version": "1.14.4",
  "serial": 29,
  "lineage": "d5fa70c0-228f-9bdb-0767-cd0005e11dc6",
  "outputs": {
    "cluster_endpoint": {
      "value": "https://29B3E2EF39B0B9F8D8311459CA87114D.gr7.eu-central-1.eks.amazonaws.com",
      "type": "string"
    },
    "cluster_name": {
      "value": "finalproject-ivolve-cluster",
      "type": "string"
    },
    "ecr_repository_url": {
      "value": "140592727911.dkr.ecr.eu-central-1.amazonaws.com/finalproject-ivolve-repo",
      "type": "string"
    }
  },
  "resources": [
    {
      "module": "module.ecr",
      "mode": "managed",
      "type": "aws_ecr_repository",
      "name": "repo",
      "provider": "provider[\"registry.terraform.io/hashicorp/aws\"]",
      "instances": [
        {
          "schema_version": 0,
          "attributes": {
            "arn": "arn:aws:ecr:eu-central-1:140592727911:repository/finalproject-ivolve-repo",
            "encryption_configuration": [
              {
                "encryption_type": "AES256",
                "kms_key": ""
              }
            ],
            "force_delete": null,
            "id": "finalproject-ivolve-repo",
            "image_scanning_configuration": [
              {
                "scan_on_push": false
              }
            ],
            "image_tag_mutability": "MUTABLE",
            "image_tag_mutability_exclusion_filter": [],
            "name": "finalproject-ivolve-repo",
            "region": "eu-central-1",
            "registry_id": "140592727911",
            "repository_url": "140592727911.dkr.ecr.eu-central-1.amazonaws.com/finalproject-ivolve-repo",
            "tags": {
              "Name": "finalproject-ivolve-repo"
            },
            "tags_all": {
              "Name": "finalproject-ivolve-repo"
            },
            "timeouts": null
          },
          "sensitive_attributes": [],
          "identity_schema_version": 0,
          "identity": {
            "account_id": "140592727911",
            "name": "finalproject-ivolve-repo",
            "region": "eu-central-1"
          },
          "private": "eyJlMmJmYjczMC1lY2FhLTExZTYtOGY4OC0zNDM2M2JjN2M0YzAiOnsiZGVsZXRlIjoxMjAwMDAwMDAwMDAwfX0="
        }
      ]
    },
    {
      "module": "module.eks",
      "mode": "managed",
      "type": "aws_eks_cluster",
      "name": "main",
      "provider": "provider[\"registry.terraform.io/hashicorp/aws\"]",
      "instances": [
        {
          "schema_version": 1,
          "attributes": {
            "access_config": [
              {
                "authentication_mode": "CONFIG_MAP",
                "bootstrap_cluster_creator_admin_permissions": true
              }
            ],
            "arn": "arn:aws:eks:eu-central-1:140592727911:cluster/finalproject-ivolve-cluster",
            "bootstrap_self_managed_addons": true,
            "certificate_authority": [
              {
                "data": "LS0tLS1CRUdJTiBDRVJUSUZJQ0FURS0tLS0tCk1JSURCVENDQWUyZ0F3SUJBZ0lJV2ZGanFhcW93SFF3RFFZSktvWklodmNOQVFFTEJRQXdGVEVUTUJFR0ExVUUKQXhNS2EzVmlaWEp1WlhSbGN6QWVGdzB5TmpBeU1EY3hNVEV4TlROYUZ3MHpOakF5TURVeE1URTJOVE5hTUJVeApFekFSQmdOVkJBTVRDbXQxWW1WeWJtVjBaWE13Z2dFaU1BMEdDU3FHU0liM0RRRUJBUVVBQTRJQkR3QXdnZ0VLCkFvSUJBUURlN0pqeStQRGtybnVXQlFJSWZ3cVczYUpKVW1USlBSSE9hVmpkcm9SMWM4LzFXMUExU1VKQWI0SUgKUFdybHM3RVFMZHdtcm1sTmdEMWtyVU1EYW1qMWRJbUJmc1lZZVZVWmx1NzFyRlZvUmc4RGRUTWZWb2Y2ZjV4RgpmRldTYXhGRTZPTE4xb0dMNUJmanFDdkZXVmZYK0VNWDZpOGtMOVM5SE5LY01JdXNaTFVQUFNBMEt1bzQ0WFhYCnIzMy9Kc2doSmZJZS92cEhtOGYyM052NENRalNXK0FLQkF1L0pUWXFSLzZpSiszRVFsVjJQYnZaNHFHVi9xbmIKNHRMNnY0TXY4Vzl0a3MyNTc2czl1RHhBOEt5dWNKSmxnSVJyNVFRc3o5a1A2TW9WVzFGQlMzbWxpTTN0Wkh3NQorWUEvcVZhQVUvck5LQnRLbVpPZVlNbENnc3ZGQWdNQkFBR2pXVEJYTUE0R0ExVWREd0VCL3dRRUF3SUNwREFQCkJnTlZIUk1CQWY4RUJUQURBUUgvTUIwR0ExVWREZ1FXQkJTOGJqYjdhcll6UzRoS2s3L0lTUlRPcjhWMnNqQVYKQmdOVkhSRUVEakFNZ2dwcmRXSmxjbTVsZEdWek1BMEdDU3FHU0liM0RRRUJDd1VBQTRJQkFRQjNpWG9oN2ZuaQpaakJ5OWI4Z3lSdUx2UE10dlI5V0p6Z2dIZkxNeU85TFJaNzFJd0lnSWZtN0VvNWl6Q1hMU0J2TjMwMFEzVEgzClN0M2liSU9ZQTljS08zTTI5NVk4NEFuWDRueUhJZkJpQmdLNjgzN2ZKQ05BcXQ2WTVMV1R0dlJ4UDkzQ29mRVoKT3lJRzAycjhwbzN3TkNBSnZxRU50d29nTVI3YjdkTy9GcHVIR1k3NWNGbmxLWXIzRExSdkh2UFpWazQzQytVSApwcm1ZREY3V2NjS2ZrTllvb25VTUZyaStYQkJLUDVpVVQ1TVYwZUNnVGo0amR4c25pMlYrelJlTE96N1BaRUE0CkdRelFIcFpxTU1ZOTErUmhrU1d6V0FlaVNpSUlQb2JQMEg3d3pQaUQ0b2xNSW5TZmN3aHd1TkwyeDJ5ZEJ6QysKNWUvUWJkbGVXQXN5Ci0tLS0tRU5EIENFUlRJRklDQVRFLS0tLS0K"
              }
            ],
            "cluster_id": null,
            "compute_config": [
              {
                "enabled": false,
                "node_pools": [],
                "node_role_arn": ""
              }
            ],
            "created_at": "2026-02-07T11:12:08Z",
            "deletion_protection": false,
            "enabled_cluster_log_types": null,
            "encryption_config": [],
            "endpoint": "https://29B3E2EF39B0B9F8D8311459CA87114D.gr7.eu-central-1.eks.amazonaws.com",
            "force_update_version": null,
            "id": "finalproject-ivolve-cluster",
            "identity": [
              {
                "oidc": [
                  {
                    "issuer": "https://oidc.eks.eu-central-1.amazonaws.com/id/29B3E2EF39B0B9F8D8311459CA87114D"
                  }
                ]
              }
            ],
            "kubernetes_network_config": [
              {
                "elastic_load_balancing": [
                  {
                    "enabled": false
                  }
                ],
                "ip_family": "ipv4",
                "service_ipv4_cidr": "172.20.0.0/16",
                "service_ipv6_cidr": ""
              }
            ],
            "name": "finalproject-ivolve-cluster",
            "outpost_config": [],
            "platform_version": "eks.13",
            "region": "eu-central-1",
            "remote_network_config": [],
            "role_arn": "arn:aws:iam::140592727911:role/eks-cluster-role",
            "status": "ACTIVE",
            "storage_config": [
              {
                "block_storage": [
                  {
                    "enabled": false
                  }
                ]
              }
            ],
            "tags": {
              "Name": "finalproject-ivolve-cluster"
            },
            "tags_all": {
              "Name": "finalproject-ivolve-cluster"
            },
            "timeouts": null,
            "upgrade_policy": [
              {
                "support_type": "EXTENDED"
              }
            ],
            "version": "1.34",
            "vpc_config": [
              {
                "cluster_security_group_id": "sg-0da62a335b1426f08",
                "endpoint_private_access": false,
                "endpoint_public_access": true,
                "public_access_cidrs": [
                  "0.0.0.0/0"
                ],
                "security_group_ids": null,
                "subnet_ids": [
                  "subnet-06545eba5a0433a66",
                  "subnet-070767f82e9482f58"
                ],
                "vpc_id": "vpc-09d7c97782ddd8c9b"
              }
            ],
            "zonal_shift_config": []
          },
          "sensitive_attributes": [],
          "identity_schema_version": 0,
          "private": "eyJlMmJmYjczMC1lY2FhLTExZTYtOGY4OC0zNDM2M2JjN2M0YzAiOnsiY3JlYXRlIjoxODAwMDAwMDAwMDAwLCJkZWxldGUiOjkwMDAwMDAwMDAwMCwidXBkYXRlIjozNjAwMDAwMDAwMDAwfSwic2NoZW1hX3ZlcnNpb24iOiIxIn0=",
          "dependencies": [
            "module.roles.aws_iam_role.eks_cluster_role",
            "module.vpc.aws_subnet.private_subnet",
            "module.vpc.aws_vpc.main"
          ]
        }
      ]
    },
    {
      "module": "module.eks",
      "mode": "managed",
      "type": "aws_eks_node_group",
      "name": "nodes",
      "provider": "provider[\"registry.terraform.io/hashicorp/aws\"]",
      "instances": [
        {
          "schema_version": 0,
          "attributes": {
            "ami_type": "AL2023_x86_64_STANDARD",
            "arn": "arn:aws:eks:eu-central-1:140592727911:nodegroup/finalproject-ivolve-cluster/finalproject-ivolve-node-group/52ce1be9-c16e-2934-5757-b9b3953c4e27",
            "capacity_type": "ON_DEMAND",
            "cluster_name": "finalproject-ivolve-cluster",
            "disk_size": 20,
            "force_update_version": null,
            "id": "finalproject-ivolve-cluster:finalproject-ivolve-node-group",
            "instance_types": [
              "t3.micro"
            ],
            "labels": null,
            "launch_template": [],
            "node_group_name": "finalproject-ivolve-node-group",
            "node_group_name_prefix": "",
            "node_repair_config": [],
            "node_role_arn": "arn:aws:iam::140592727911:role/eks-node-role",
            "region": "eu-central-1",
            "release_version": "1.34.2-20260129",
            "remote_access": [],
            "resources": [
              {
                "autoscaling_groups": [
                  {
                    "name": "eks-finalproject-ivolve-node-group-52ce1be9-c16e-2934-5757-b9b3953c4e27"
                  }
                ],
                "remote_access_security_group_id": ""
              }
            ],
            "scaling_config": [
              {
                "desired_size": 2,
                "max_size": 2,
                "min_size": 1
              }
            ],
            "status": "ACTIVE",
            "subnet_ids": [
              "subnet-06545eba5a0433a66",
              "subnet-070767f82e9482f58"
            ],
            "tags": {
              "Name": "finalproject-ivolve-node-group"
            },
            "tags_all": {
              "Name": "finalproject-ivolve-node-group"
            },
            "taint": [],
            "timeouts": null,
            "update_config": [
              {
                "max_unavailable": 1,
                "max_unavailable_percentage": 0
              }
            ],
            "version": "1.34"
          },
          "sensitive_attributes": [],
          "identity_schema_version": 0,
          "private": "eyJlMmJmYjczMC1lY2FhLTExZTYtOGY4OC0zNDM2M2JjN2M0YzAiOnsiY3JlYXRlIjozNjAwMDAwMDAwMDAwLCJkZWxldGUiOjM2MDAwMDAwMDAwMDAsInVwZGF0ZSI6MzYwMDAwMDAwMDAwMH19",
          "dependencies": [
            "module.eks.aws_eks_cluster.main",
            "module.roles.aws_iam_role.eks_cluster_role",
            "module.roles.aws_iam_role.eks_node_role",
            "module.vpc.aws_subnet.private_subnet",
            "module.vpc.aws_vpc.main"
          ]
        }
      ]
    },
    {
      "module": "module.endpoints",
      "mode": "managed",
      "type": "aws_security_group",
      "name": "endpoint_sg",
      "provider": "provider[\"registry.terraform.io/hashicorp/aws\"]",
      "instances": [
        {
          "schema_version": 1,
          "attributes": {
            "arn": "arn:aws:ec2:eu-central-1:140592727911:security-group/sg-0717b115de13cd765",
            "description": "Managed by Terraform",
            "egress": [
              {
                "cidr_blocks": [
                  "0.0.0.0/0"
                ],
                "description": "",
                "from_port": 0,
                "ipv6_cidr_blocks": [],
                "prefix_list_ids": [],
                "protocol": "-1",
                "security_groups": [],
                "self": false,
                "to_port": 0
              }
            ],
            "id": "sg-0717b115de13cd765",
            "ingress": [
              {
                "cidr_blocks": [
                  "10.0.0.0/16"
                ],
                "description": "",
                "from_port": 443,
                "ipv6_cidr_blocks": [],
                "prefix_list_ids": [],
                "protocol": "tcp",
                "security_groups": [],
                "self": false,
                "to_port": 443
              }
            ],
            "name": "finalproject-ivolve-endpoints-sg",
            "name_prefix": "",
            "owner_id": "140592727911",
            "region": "eu-central-1",
            "revoke_rules_on_delete": false,
            "tags": null,
            "tags_all": {},
            "timeouts": null,
            "vpc_id": "vpc-09d7c97782ddd8c9b"
          },
          "sensitive_attributes": [],
          "identity_schema_version": 0,
          "identity": {
            "account_id": "140592727911",
            "id": "sg-0717b115de13cd765",
            "region": "eu-central-1"
          },
          "private": "eyJlMmJmYjczMC1lY2FhLTExZTYtOGY4OC0zNDM2M2JjN2M0YzAiOnsiY3JlYXRlIjo2MDAwMDAwMDAwMDAsImRlbGV0ZSI6OTAwMDAwMDAwMDAwfSwic2NoZW1hX3ZlcnNpb24iOiIxIn0=",
          "dependencies": [
            "module.vpc.aws_vpc.main"
          ]
        }
      ]
    },
    {
      "module": "module.endpoints",
      "mode": "managed",
      "type": "aws_vpc_endpoint",
      "name": "ecr_api",
      "provider": "provider[\"registry.terraform.io/hashicorp/aws\"]",
      "instances": [
        {
          "schema_version": 0,
          "attributes": {
            "arn": "arn:aws:ec2:eu-central-1:140592727911:vpc-endpoint/vpce-07d7779ff91153b7f",
            "auto_accept": null,
            "cidr_blocks": [],
            "dns_entry": [
              {
                "dns_name": "vpce-07d7779ff91153b7f-xoen53gn.api.ecr.eu-central-1.vpce.amazonaws.com",
                "hosted_zone_id": "Z273ZU8SZ5RJPC"
              },
              {
                "dns_name": "vpce-07d7779ff91153b7f-xoen53gn-eu-central-1b.api.ecr.eu-central-1.vpce.amazonaws.com",
                "hosted_zone_id": "Z273ZU8SZ5RJPC"
              },
              {
                "dns_name": "vpce-07d7779ff91153b7f-xoen53gn-eu-central-1a.api.ecr.eu-central-1.vpce.amazonaws.com",
                "hosted_zone_id": "Z273ZU8SZ5RJPC"
              },
              {
                "dns_name": "api.ecr.eu-central-1.amazonaws.com",
                "hosted_zone_id": "Z0372544O4T82A4EFIJE"
              },
              {
                "dns_name": "ecr.eu-central-1.api.aws",
                "hosted_zone_id": "Z00509157494L9QMN0C6"
              }
            ],
            "dns_options": [
              {
                "dns_record_ip_type": "ipv4",
                "private_dns_only_for_inbound_resolver_endpoint": false
              }
            ],
            "id": "vpce-07d7779ff91153b7f",
            "ip_address_type": "ipv4",
            "network_interface_ids": [
              "eni-02a28d3f041bf53b9",
              "eni-03c91975da6ef3821"
            ],
            "owner_id": "140592727911",
            "policy": "{\"Statement\":[{\"Action\":\"*\",\"Effect\":\"Allow\",\"Principal\":\"*\",\"Resource\":\"*\"}]}",
            "prefix_list_id": null,
            "private_dns_enabled": true,
            "region": "eu-central-1",
            "requester_managed": false,
            "resource_configuration_arn": "",
            "route_table_ids": [],
            "security_group_ids": [
              "sg-0717b115de13cd765"
            ],
            "service_name": "com.amazonaws.eu-central-1.ecr.api",
            "service_network_arn": "",
            "service_region": "eu-central-1",
            "state": "available",
            "subnet_configuration": [
              {
                "ipv4": "10.0.3.246",
                "ipv6": "",
                "subnet_id": "subnet-06545eba5a0433a66"
              },
              {
                "ipv4": "10.0.4.34",
                "ipv6": "",
                "subnet_id": "subnet-070767f82e9482f58"
              }
            ],
            "subnet_ids": [
              "subnet-06545eba5a0433a66",
              "subnet-070767f82e9482f58"
            ],
            "tags": {
              "Name": "finalproject-ivolve-ecr-api-endpoint"
            },
            "tags_all": {
              "Name": "finalproject-ivolve-ecr-api-endpoint"
            },
            "timeouts": null,
            "vpc_endpoint_type": "Interface",
            "vpc_id": "vpc-09d7c97782ddd8c9b"
          },
          "sensitive_attributes": [],
          "identity_schema_version": 0,
          "identity": {
            "account_id": "140592727911",
            "id": "vpce-07d7779ff91153b7f",
            "region": "eu-central-1"
          },
          "private": "eyJlMmJmYjczMC1lY2FhLTExZTYtOGY4OC0zNDM2M2JjN2M0YzAiOnsiY3JlYXRlIjo2MDAwMDAwMDAwMDAsImRlbGV0ZSI6NjAwMDAwMDAwMDAwLCJ1cGRhdGUiOjYwMDAwMDAwMDAwMH19",
          "dependencies": [
            "module.endpoints.aws_security_group.endpoint_sg",
            "module.vpc.aws_subnet.private_subnet",
            "module.vpc.aws_vpc.main"
          ]
        }
      ]
    },
    {
      "module": "module.roles",
      "mode": "managed",
      "type": "aws_iam_role",
      "name": "eks_cluster_role",
      "provider": "provider[\"registry.terraform.io/hashicorp/aws\"]",
      "instances": [
        {
          "schema_version": 0,
          "attributes": {
            "arn": "arn:aws:iam::140592727911:role/eks-cluster-role",
            "assume_role_policy": "{\"Statement\":[{\"Action\":\"sts:AssumeRole\",\"Effect\":\"Allow\",\"Principal\":{\"Service\":\"eks.amazonaws.com\"}}],\"Version\":\"2012-10-17\"}",
            "create_date": "2026-02-07T11:11:50Z",
            "description": "",
            "force_detach_policies": false,
            "id": "eks-cluster-role",
            "inline_policy": [],
            "managed_policy_arns": [],
            "max_session_duration": 3600,
            "name": "eks-cluster-role",
            "name_prefix": "",
            "path": "/",
            "permissions_boundary": "",
            "tags": null,
            "tags_all": {},
            "unique_id": "AROASBO72Y5TZSVTPD4B5"
          },
          "sensitive_attributes": [],
          "identity_schema_version": 0,
          "identity": {
            "account_id": "140592727911",
            "name": "eks-cluster-role"
          },
          "private": "bnVsbA=="
        }
      ]
    },
    {
      "module": "module.roles",
      "mode": "managed",
      "type": "aws_iam_role",
      "name": "eks_node_role",
      "provider": "provider[\"registry.terraform.io/hashicorp/aws\"]",
      "instances": [
        {
          "schema_version": 0,
          "attributes": {
            "arn": "arn:aws:iam::140592727911:role/eks-node-role",
            "assume_role_policy": "{\"Statement\":[{\"Action\":\"sts:AssumeRole\",\"Effect\":\"Allow\",\"Principal\":{\"Service\":\"ec2.amazonaws.com\"}}],\"Version\":\"2012-10-17\"}",
            "create_date": "2026-02-07T11:11:50Z",
            "description": "",
            "force_detach_policies": false,
            "id": "eks-node-role",
            "inline_policy": [],
            "managed_policy_arns": [],
            "max_session_duration": 3600,
            "name": "eks-node-role",
            "name_prefix": "",
            "path": "/",
            "permissions_boundary": "",
            "tags": null,
            "tags_all": {},
            "unique_id": "AROASBO72Y5TTJUH7ZR6R"
          },
          "sensitive_attributes": [],
          "identity_schema_version": 0,
          "identity": {
            "account_id": "140592727911",
            "name": "eks-node-role"
          },
          "private": "bnVsbA=="
        }
      ]
    },
    {
      "module": "module.roles",
      "mode": "managed",
      "type": "aws_iam_role_policy_attachment",
      "name": "cluster_policy",
      "provider": "provider[\"registry.terraform.io/hashicorp/aws\"]",
      "instances": [
        {
          "schema_version": 0,
          "attributes": {
            "id": "eks-cluster-role/arn:aws:iam::aws:policy/AmazonEKSClusterPolicy",
            "policy_arn": "arn:aws:iam::aws:policy/AmazonEKSClusterPolicy",
            "role": "eks-cluster-role"
          },
          "sensitive_attributes": [],
          "identity_schema_version": 0,
          "identity": {
            "account_id": "140592727911",
            "policy_arn": "arn:aws:iam::aws:policy/AmazonEKSClusterPolicy",
            "role": "eks-cluster-role"
          },
          "private": "bnVsbA==",
          "dependencies": [
            "module.roles.aws_iam_role.eks_cluster_role"
          ]
        }
      ]
    },
    {
      "module": "module.roles",
      "mode": "managed",
      "type": "aws_iam_role_policy_attachment",
      "name": "node_policies",
      "provider": "provider[\"registry.terraform.io/hashicorp/aws\"]",
      "instances": [
        {
          "index_key": "arn:aws:iam::aws:policy/AmazonEC2ContainerRegistryReadOnly",
          "schema_version": 0,
          "attributes": {
            "id": "eks-node-role/arn:aws:iam::aws:policy/AmazonEC2ContainerRegistryReadOnly",
            "policy_arn": "arn:aws:iam::aws:policy/AmazonEC2ContainerRegistryReadOnly",
            "role": "eks-node-role"
          },
          "sensitive_attributes": [],
          "identity_schema_version": 0,
          "identity": {
            "account_id": "140592727911",
            "policy_arn": "arn:aws:iam::aws:policy/AmazonEC2ContainerRegistryReadOnly",
            "role": "eks-node-role"
          },
          "private": "bnVsbA==",
          "dependencies": [
            "module.roles.aws_iam_role.eks_node_role"
          ]
        },
        {
          "index_key": "arn:aws:iam::aws:policy/AmazonEKSWorkerNodePolicy",
          "schema_version": 0,
          "attributes": {
            "id": "eks-node-role/arn:aws:iam::aws:policy/AmazonEKSWorkerNodePolicy",
            "policy_arn": "arn:aws:iam::aws:policy/AmazonEKSWorkerNodePolicy",
            "role": "eks-node-role"
          },
          "sensitive_attributes": [],
          "identity_schema_version": 0,
          "identity": {
            "account_id": "140592727911",
            "policy_arn": "arn:aws:iam::aws:policy/AmazonEKSWorkerNodePolicy",
            "role": "eks-node-role"
          },
          "private": "bnVsbA==",
          "dependencies": [
            "module.roles.aws_iam_role.eks_node_role"
          ]
        },
        {
          "index_key": "arn:aws:iam::aws:policy/AmazonEKS_CNI_Policy",
          "schema_version": 0,
          "attributes": {
            "id": "eks-node-role/arn:aws:iam::aws:policy/AmazonEKS_CNI_Policy",
            "policy_arn": "arn:aws:iam::aws:policy/AmazonEKS_CNI_Policy",
            "role": "eks-node-role"
          },
          "sensitive_attributes": [],
          "identity_schema_version": 0,
          "identity": {
            "account_id": "140592727911",
            "policy_arn": "arn:aws:iam::aws:policy/AmazonEKS_CNI_Policy",
            "role": "eks-node-role"
          },
          "private": "bnVsbA==",
          "dependencies": [
            "module.roles.aws_iam_role.eks_node_role"
          ]
        }
      ]
    },
    {
      "module": "module.vpc",
      "mode": "managed",
      "type": "aws_eip",
      "name": "nat_eip",
      "provider": "provider[\"registry.terraform.io/hashicorp/aws\"]",
      "instances": [
        {
          "index_key": 0,
          "schema_version": 0,
          "attributes": {
            "address": null,
            "allocation_id": "eipalloc-094728807d9c65c53",
            "arn": "arn:aws:ec2:eu-central-1:140592727911:elastic-ip/eipalloc-094728807d9c65c53",
            "associate_with_private_ip": null,
            "association_id": "",
            "carrier_ip": "",
            "customer_owned_ip": "",
            "customer_owned_ipv4_pool": "",
            "domain": "vpc",
            "id": "eipalloc-094728807d9c65c53",
            "instance": "",
            "ipam_pool_id": null,
            "network_border_group": "eu-central-1",
            "network_interface": "",
            "private_dns": null,
            "private_ip": "",
            "ptr_record": "",
            "public_dns": "ec2-3-66-184-217.eu-central-1.compute.amazonaws.com",
            "public_ip": "3.66.184.217",
            "public_ipv4_pool": "amazon",
            "region": "eu-central-1",
            "tags": null,
            "tags_all": {},
            "timeouts": null
          },
          "sensitive_attributes": [],
          "identity_schema_version": 0,
          "private": "eyJlMmJmYjczMC1lY2FhLTExZTYtOGY4OC0zNDM2M2JjN2M0YzAiOnsiZGVsZXRlIjoxODAwMDAwMDAwMDAsInJlYWQiOjkwMDAwMDAwMDAwMCwidXBkYXRlIjozMDAwMDAwMDAwMDB9fQ=="
        },
        {
          "index_key": 1,
          "schema_version": 0,
          "attributes": {
            "address": null,
            "allocation_id": "eipalloc-0d65039e8a12f5c05",
            "arn": "arn:aws:ec2:eu-central-1:140592727911:elastic-ip/eipalloc-0d65039e8a12f5c05",
            "associate_with_private_ip": null,
            "association_id": "",
            "carrier_ip": "",
            "customer_owned_ip": "",
            "customer_owned_ipv4_pool": "",
            "domain": "vpc",
            "id": "eipalloc-0d65039e8a12f5c05",
            "instance": "",
            "ipam_pool_id": null,
            "network_border_group": "eu-central-1",
            "network_interface": "",
            "private_dns": null,
            "private_ip": "",
            "ptr_record": "",
            "public_dns": "ec2-18-193-252-17.eu-central-1.compute.amazonaws.com",
            "public_ip": "18.193.252.17",
            "public_ipv4_pool": "amazon",
            "region": "eu-central-1",
            "tags": null,
            "tags_all": {},
            "timeouts": null
          },
          "sensitive_attributes": [],
          "identity_schema_version": 0,
          "private": "eyJlMmJmYjczMC1lY2FhLTExZTYtOGY4OC0zNDM2M2JjN2M0YzAiOnsiZGVsZXRlIjoxODAwMDAwMDAwMDAsInJlYWQiOjkwMDAwMDAwMDAwMCwidXBkYXRlIjozMDAwMDAwMDAwMDB9fQ=="
        }
      ]
    },
    {
      "module": "module.vpc",
      "mode": "managed",
      "type": "aws_internet_gateway",
      "name": "igw",
      "provider": "provider[\"registry.terraform.io/hashicorp/aws\"]",
      "instances": [
        {
          "schema_version": 0,
          "attributes": {
            "arn": "arn:aws:ec2:eu-central-1:140592727911:internet-gateway/igw-00baad9dc0a462b37",
            "id": "igw-00baad9dc0a462b37",
            "owner_id": "140592727911",
            "region": "eu-central-1",
            "tags": {
              "Name": "finalproject-ivolve-igw"
            },
            "tags_all": {
              "Name": "finalproject-ivolve-igw"
            },
            "timeouts": null,
            "vpc_id": "vpc-09d7c97782ddd8c9b"
          },
          "sensitive_attributes": [],
          "identity_schema_version": 0,
          "private": "eyJlMmJmYjczMC1lY2FhLTExZTYtOGY4OC0zNDM2M2JjN2M0YzAiOnsiY3JlYXRlIjoxMjAwMDAwMDAwMDAwLCJkZWxldGUiOjEyMDAwMDAwMDAwMDAsInVwZGF0ZSI6MTIwMDAwMDAwMDAwMH19",
          "dependencies": [
            "module.vpc.aws_vpc.main"
          ]
        }
      ]
    },
    {
      "module": "module.vpc",
      "mode": "managed",
      "type": "aws_nat_gateway",
      "name": "nat",
      "provider": "provider[\"registry.terraform.io/hashicorp/aws\"]",
      "instances": [
        {
          "index_key": 0,
          "schema_version": 0,
          "attributes": {
            "allocation_id": "eipalloc-094728807d9c65c53",
            "association_id": "eipassoc-0fadb0b05512e3112",
            "connectivity_type": "public",
            "id": "nat-0be3345e4d5e47e76",
            "network_interface_id": "eni-0a291b39dbcefc116",
            "private_ip": "10.0.1.202",
            "public_ip": "3.66.184.217",
            "region": "eu-central-1",
            "secondary_allocation_ids": [],
            "secondary_private_ip_address_count": 0,
            "secondary_private_ip_addresses": [],
            "subnet_id": "subnet-0b8b7a65078106967",
            "tags": null,
            "tags_all": {},
            "timeouts": null
          },
          "sensitive_attributes": [],
          "identity_schema_version": 0,
          "private": "eyJlMmJmYjczMC1lY2FhLTExZTYtOGY4OC0zNDM2M2JjN2M0YzAiOnsiY3JlYXRlIjo2MDAwMDAwMDAwMDAsImRlbGV0ZSI6MTgwMDAwMDAwMDAwMCwidXBkYXRlIjo2MDAwMDAwMDAwMDB9fQ==",
          "dependencies": [
            "module.vpc.aws_eip.nat_eip",
            "module.vpc.aws_internet_gateway.igw",
            "module.vpc.aws_subnet.public_subnet",
            "module.vpc.aws_vpc.main"
          ]
        },
        {
          "index_key": 1,
          "schema_version": 0,
          "attributes": {
            "allocation_id": "eipalloc-0d65039e8a12f5c05",
            "association_id": "eipassoc-0452a312dc0fb70c4",
            "connectivity_type": "public",
            "id": "nat-073196ec506647e76",
            "network_interface_id": "eni-07e88503e56a3d713",
            "private_ip": "10.0.2.70",
            "public_ip": "18.193.252.17",
            "region": "eu-central-1",
            "secondary_allocation_ids": [],
            "secondary_private_ip_address_count": 0,
            "secondary_private_ip_addresses": [],
            "subnet_id": "subnet-069cd645682c88f0e",
            "tags": null,
            "tags_all": {},
            "timeouts": null
          },
          "sensitive_attributes": [],
          "identity_schema_version": 0,
          "private": "eyJlMmJmYjczMC1lY2FhLTExZTYtOGY4OC0zNDM2M2JjN2M0YzAiOnsiY3JlYXRlIjo2MDAwMDAwMDAwMDAsImRlbGV0ZSI6MTgwMDAwMDAwMDAwMCwidXBkYXRlIjo2MDAwMDAwMDAwMDB9fQ==",
          "dependencies": [
            "module.vpc.aws_eip.nat_eip",
            "module.vpc.aws_internet_gateway.igw",
            "module.vpc.aws_subnet.public_subnet",
            "module.vpc.aws_vpc.main"
          ]
        }
      ]
    },
    {
      "module": "module.vpc",
      "mode": "managed",
      "type": "aws_route_table",
      "name": "private_rt",
      "provider": "provider[\"registry.terraform.io/hashicorp/aws\"]",
      "instances": [
        {
          "index_key": 0,
          "schema_version": 0,
          "attributes": {
            "arn": "arn:aws:ec2:eu-central-1:140592727911:route-table/rtb-00d82587761049bb8",
            "id": "rtb-00d82587761049bb8",
            "owner_id": "140592727911",
            "propagating_vgws": [],
            "region": "eu-central-1",
            "route": [
              {
                "carrier_gateway_id": "",
                "cidr_block": "0.0.0.0/0",
                "core_network_arn": "",
                "destination_prefix_list_id": "",
                "egress_only_gateway_id": "",
                "gateway_id": "",
                "ipv6_cidr_block": "",
                "local_gateway_id": "",
                "nat_gateway_id": "nat-0be3345e4d5e47e76",
                "network_interface_id": "",
                "transit_gateway_id": "",
                "vpc_endpoint_id": "",
                "vpc_peering_connection_id": ""
              }
            ],
            "tags": {
              "Name": "finalproject-ivolve-private-rt-1"
            },
            "tags_all": {
              "Name": "finalproject-ivolve-private-rt-1"
            },
            "timeouts": null,
            "vpc_id": "vpc-09d7c97782ddd8c9b"
          },
          "sensitive_attributes": [],
          "identity_schema_version": 0,
          "identity": {
            "account_id": "140592727911",
            "id": "rtb-00d82587761049bb8",
            "region": "eu-central-1"
          },
          "private": "eyJlMmJmYjczMC1lY2FhLTExZTYtOGY4OC0zNDM2M2JjN2M0YzAiOnsiY3JlYXRlIjozMDAwMDAwMDAwMDAsImRlbGV0ZSI6MzAwMDAwMDAwMDAwLCJ1cGRhdGUiOjEyMDAwMDAwMDAwMH19",
          "dependencies": [
            "module.vpc.aws_eip.nat_eip",
            "module.vpc.aws_internet_gateway.igw",
            "module.vpc.aws_nat_gateway.nat",
            "module.vpc.aws_subnet.public_subnet",
            "module.vpc.aws_vpc.main"
          ]
        },
        {
          "index_key": 1,
          "schema_version": 0,
          "attributes": {
            "arn": "arn:aws:ec2:eu-central-1:140592727911:route-table/rtb-0c3533607ee538949",
            "id": "rtb-0c3533607ee538949",
            "owner_id": "140592727911",
            "propagating_vgws": [],
            "region": "eu-central-1",
            "route": [
              {
                "carrier_gateway_id": "",
                "cidr_block": "0.0.0.0/0",
                "core_network_arn": "",
                "destination_prefix_list_id": "",
                "egress_only_gateway_id": "",
                "gateway_id": "",
                "ipv6_cidr_block": "",
                "local_gateway_id": "",
                "nat_gateway_id": "nat-073196ec506647e76",
                "network_interface_id": "",
                "transit_gateway_id": "",
                "vpc_endpoint_id": "",
                "vpc_peering_connection_id": ""
              }
            ],
            "tags": {
              "Name": "finalproject-ivolve-private-rt-2"
            },
            "tags_all": {
              "Name": "finalproject-ivolve-private-rt-2"
            },
            "timeouts": null,
            "vpc_id": "vpc-09d7c97782ddd8c9b"
          },
          "sensitive_attributes": [],
          "identity_schema_version": 0,
          "identity": {
            "account_id": "140592727911",
            "id": "rtb-0c3533607ee538949",
            "region": "eu-central-1"
          },
          "private": "eyJlMmJmYjczMC1lY2FhLTExZTYtOGY4OC0zNDM2M2JjN2M0YzAiOnsiY3JlYXRlIjozMDAwMDAwMDAwMDAsImRlbGV0ZSI6MzAwMDAwMDAwMDAwLCJ1cGRhdGUiOjEyMDAwMDAwMDAwMH19",
          "dependencies": [
            "module.vpc.aws_eip.nat_eip",
            "module.vpc.aws_internet_gateway.igw",
            "module.vpc.aws_nat_gateway.nat",
            "module.vpc.aws_subnet.public_subnet",
            "module.vpc.aws_vpc.main"
          ]
        }
      ]
    },
    {
      "module": "module.vpc",
      "mode": "managed",
      "type": "aws_route_table",
      "name": "public_rt",
      "provider": "provider[\"registry.terraform.io/hashicorp/aws\"]",
      "instances": [
        {
          "schema_version": 0,
          "attributes": {
            "arn": "arn:aws:ec2:eu-central-1:140592727911:route-table/rtb-0b3c945e55aa235e0",
            "id": "rtb-0b3c945e55aa235e0",
            "owner_id": "140592727911",
            "propagating_vgws": [],
            "region": "eu-central-1",
            "route": [
              {
                "carrier_gateway_id": "",
                "cidr_block": "0.0.0.0/0",
                "core_network_arn": "",
                "destination_prefix_list_id": "",
                "egress_only_gateway_id": "",
                "gateway_id": "igw-00baad9dc0a462b37",
                "ipv6_cidr_block": "",
                "local_gateway_id": "",
                "nat_gateway_id": "",
                "network_interface_id": "",
                "transit_gateway_id": "",
                "vpc_endpoint_id": "",
                "vpc_peering_connection_id": ""
              }
            ],
            "tags": {
              "Name": "finalproject-ivolve-public-rt"
            },
            "tags_all": {
              "Name": "finalproject-ivolve-public-rt"
            },
            "timeouts": null,
            "vpc_id": "vpc-09d7c97782ddd8c9b"
          },
          "sensitive_attributes": [],
          "identity_schema_version": 0,
          "identity": {
            "account_id": "140592727911",
            "id": "rtb-0b3c945e55aa235e0",
            "region": "eu-central-1"
          },
          "private": "eyJlMmJmYjczMC1lY2FhLTExZTYtOGY4OC0zNDM2M2JjN2M0YzAiOnsiY3JlYXRlIjozMDAwMDAwMDAwMDAsImRlbGV0ZSI6MzAwMDAwMDAwMDAwLCJ1cGRhdGUiOjEyMDAwMDAwMDAwMH19",
          "dependencies": [
            "module.vpc.aws_internet_gateway.igw",
            "module.vpc.aws_vpc.main"
          ]
        }
      ]
    },
    {
      "module": "module.vpc",
      "mode": "managed",
      "type": "aws_route_table_association",
      "name": "private_assoc",
      "provider": "provider[\"registry.terraform.io/hashicorp/aws\"]",
      "instances": [
        {
          "index_key": 0,
          "schema_version": 0,
          "attributes": {
            "gateway_id": "",
            "id": "rtbassoc-0382e948fd4b7e21a",
            "region": "eu-central-1",
            "route_table_id": "rtb-00d82587761049bb8",
            "subnet_id": "subnet-06545eba5a0433a66",
            "timeouts": null
          },
          "sensitive_attributes": [],
          "identity_schema_version": 0,
          "private": "eyJlMmJmYjczMC1lY2FhLTExZTYtOGY4OC0zNDM2M2JjN2M0YzAiOnsiY3JlYXRlIjozMDAwMDAwMDAwMDAsImRlbGV0ZSI6MzAwMDAwMDAwMDAwLCJ1cGRhdGUiOjEyMDAwMDAwMDAwMH19",
          "dependencies": [
            "module.vpc.aws_eip.nat_eip",
            "module.vpc.aws_internet_gateway.igw",
            "module.vpc.aws_nat_gateway.nat",
            "module.vpc.aws_route_table.private_rt",
            "module.vpc.aws_subnet.private_subnet",
            "module.vpc.aws_subnet.public_subnet",
            "module.vpc.aws_vpc.main"
          ]
        },
        {
          "index_key": 1,
          "schema_version": 0,
          "attributes": {
            "gateway_id": "",
            "id": "rtbassoc-009e6b82ad594f21b",
            "region": "eu-central-1",
            "route_table_id": "rtb-0c3533607ee538949",
            "subnet_id": "subnet-070767f82e9482f58",
            "timeouts": null
          },
          "sensitive_attributes": [],
          "identity_schema_version": 0,
          "private": "eyJlMmJmYjczMC1lY2FhLTExZTYtOGY4OC0zNDM2M2JjN2M0YzAiOnsiY3JlYXRlIjozMDAwMDAwMDAwMDAsImRlbGV0ZSI6MzAwMDAwMDAwMDAwLCJ1cGRhdGUiOjEyMDAwMDAwMDAwMH19",
          "dependencies": [
            "module.vpc.aws_eip.nat_eip",
            "module.vpc.aws_internet_gateway.igw",
            "module.vpc.aws_nat_gateway.nat",
            "module.vpc.aws_route_table.private_rt",
            "module.vpc.aws_subnet.private_subnet",
            "module.vpc.aws_subnet.public_subnet",
            "module.vpc.aws_vpc.main"
          ]
        }
      ]
    },
    {
      "module": "module.vpc",
      "mode": "managed",
      "type": "aws_route_table_association",
      "name": "public_assoc",
      "provider": "provider[\"registry.terraform.io/hashicorp/aws\"]",
      "instances": [
        {
          "index_key": 0,
          "schema_version": 0,
          "attributes": {
            "gateway_id": "",
            "id": "rtbassoc-04e49e9c166713d2a",
            "region": "eu-central-1",
            "route_table_id": "rtb-0b3c945e55aa235e0",
            "subnet_id": "subnet-0b8b7a65078106967",
            "timeouts": null
          },
          "sensitive_attributes": [],
          "identity_schema_version": 0,
          "private": "eyJlMmJmYjczMC1lY2FhLTExZTYtOGY4OC0zNDM2M2JjN2M0YzAiOnsiY3JlYXRlIjozMDAwMDAwMDAwMDAsImRlbGV0ZSI6MzAwMDAwMDAwMDAwLCJ1cGRhdGUiOjEyMDAwMDAwMDAwMH19",
          "dependencies": [
            "module.vpc.aws_internet_gateway.igw",
            "module.vpc.aws_route_table.public_rt",
            "module.vpc.aws_subnet.public_subnet",
            "module.vpc.aws_vpc.main"
          ]
        },
        {
          "index_key": 1,
          "schema_version": 0,
          "attributes": {
            "gateway_id": "",
            "id": "rtbassoc-0e174418386ba1f37",
            "region": "eu-central-1",
            "route_table_id": "rtb-0b3c945e55aa235e0",
            "subnet_id": "subnet-069cd645682c88f0e",
            "timeouts": null
          },
          "sensitive_attributes": [],
          "identity_schema_version": 0,
          "private": "eyJlMmJmYjczMC1lY2FhLTExZTYtOGY4OC0zNDM2M2JjN2M0YzAiOnsiY3JlYXRlIjozMDAwMDAwMDAwMDAsImRlbGV0ZSI6MzAwMDAwMDAwMDAwLCJ1cGRhdGUiOjEyMDAwMDAwMDAwMH19",
          "dependencies": [
            "module.vpc.aws_internet_gateway.igw",
            "module.vpc.aws_route_table.public_rt",
            "module.vpc.aws_subnet.public_subnet",
            "module.vpc.aws_vpc.main"
          ]
        }
      ]
    },
    {
      "module": "module.vpc",
      "mode": "managed",
      "type": "aws_subnet",
      "name": "private_subnet",
      "provider": "provider[\"registry.terraform.io/hashicorp/aws\"]",
      "instances": [
        {
          "index_key": 0,
          "schema_version": 1,
          "attributes": {
            "arn": "arn:aws:ec2:eu-central-1:140592727911:subnet/subnet-06545eba5a0433a66",
            "assign_ipv6_address_on_creation": false,
            "availability_zone": "eu-central-1a",
            "availability_zone_id": "euc1-az2",
            "cidr_block": "10.0.3.0/24",
            "customer_owned_ipv4_pool": "",
            "enable_dns64": false,
            "enable_lni_at_device_index": 0,
            "enable_resource_name_dns_a_record_on_launch": false,
            "enable_resource_name_dns_aaaa_record_on_launch": false,
            "id": "subnet-06545eba5a0433a66",
            "ipv6_cidr_block": "",
            "ipv6_cidr_block_association_id": "",
            "ipv6_native": false,
            "map_customer_owned_ip_on_launch": false,
            "map_public_ip_on_launch": false,
            "outpost_arn": "",
            "owner_id": "140592727911",
            "private_dns_hostname_type_on_launch": "ip-name",
            "region": "eu-central-1",
            "tags": {
              "Name": "finalproject-ivolve-private-1"
            },
            "tags_all": {
              "Name": "finalproject-ivolve-private-1"
            },
            "timeouts": null,
            "vpc_id": "vpc-09d7c97782ddd8c9b"
          },
          "sensitive_attributes": [],
          "identity_schema_version": 0,
          "identity": {
            "account_id": "140592727911",
            "id": "subnet-06545eba5a0433a66",
            "region": "eu-central-1"
          },
          "private": "eyJlMmJmYjczMC1lY2FhLTExZTYtOGY4OC0zNDM2M2JjN2M0YzAiOnsiY3JlYXRlIjo2MDAwMDAwMDAwMDAsImRlbGV0ZSI6MTIwMDAwMDAwMDAwMH0sInNjaGVtYV92ZXJzaW9uIjoiMSJ9",
          "dependencies": [
            "module.vpc.aws_vpc.main"
          ]
        },
        {
          "index_key": 1,
          "schema_version": 1,
          "attributes": {
            "arn": "arn:aws:ec2:eu-central-1:140592727911:subnet/subnet-070767f82e9482f58",
            "assign_ipv6_address_on_creation": false,
            "availability_zone": "eu-central-1b",
            "availability_zone_id": "euc1-az3",
            "cidr_block": "10.0.4.0/24",
            "customer_owned_ipv4_pool": "",
            "enable_dns64": false,
            "enable_lni_at_device_index": 0,
            "enable_resource_name_dns_a_record_on_launch": false,
            "enable_resource_name_dns_aaaa_record_on_launch": false,
            "id": "subnet-070767f82e9482f58",
            "ipv6_cidr_block": "",
            "ipv6_cidr_block_association_id": "",
            "ipv6_native": false,
            "map_customer_owned_ip_on_launch": false,
            "map_public_ip_on_launch": false,
            "outpost_arn": "",
            "owner_id": "140592727911",
            "private_dns_hostname_type_on_launch": "ip-name",
            "region": "eu-central-1",
            "tags": {
              "Name": "finalproject-ivolve-private-2"
            },
            "tags_all": {
              "Name": "finalproject-ivolve-private-2"
            },
            "timeouts": null,
            "vpc_id": "vpc-09d7c97782ddd8c9b"
          },
          "sensitive_attributes": [],
          "identity_schema_version": 0,
          "identity": {
            "account_id": "140592727911",
            "id": "subnet-070767f82e9482f58",
            "region": "eu-central-1"
          },
          "private": "eyJlMmJmYjczMC1lY2FhLTExZTYtOGY4OC0zNDM2M2JjN2M0YzAiOnsiY3JlYXRlIjo2MDAwMDAwMDAwMDAsImRlbGV0ZSI6MTIwMDAwMDAwMDAwMH0sInNjaGVtYV92ZXJzaW9uIjoiMSJ9",
          "dependencies": [
            "module.vpc.aws_vpc.main"
          ]
        }
      ]
    },
    {
      "module": "module.vpc",
      "mode": "managed",
      "type": "aws_subnet",
      "name": "public_subnet",
      "provider": "provider[\"registry.terraform.io/hashicorp/aws\"]",
      "instances": [
        {
          "index_key": 0,
          "schema_version": 1,
          "attributes": {
            "arn": "arn:aws:ec2:eu-central-1:140592727911:subnet/subnet-0b8b7a65078106967",
            "assign_ipv6_address_on_creation": false,
            "availability_zone": "eu-central-1a",
            "availability_zone_id": "euc1-az2",
            "cidr_block": "10.0.1.0/24",
            "customer_owned_ipv4_pool": "",
            "enable_dns64": false,
            "enable_lni_at_device_index": 0,
            "enable_resource_name_dns_a_record_on_launch": false,
            "enable_resource_name_dns_aaaa_record_on_launch": false,
            "id": "subnet-0b8b7a65078106967",
            "ipv6_cidr_block": "",
            "ipv6_cidr_block_association_id": "",
            "ipv6_native": false,
            "map_customer_owned_ip_on_launch": false,
            "map_public_ip_on_launch": true,
            "outpost_arn": "",
            "owner_id": "140592727911",
            "private_dns_hostname_type_on_launch": "ip-name",
            "region": "eu-central-1",
            "tags": {
              "Name": "finalproject-ivolve-public-1"
            },
            "tags_all": {
              "Name": "finalproject-ivolve-public-1"
            },
            "timeouts": null,
            "vpc_id": "vpc-09d7c97782ddd8c9b"
          },
          "sensitive_attributes": [],
          "identity_schema_version": 0,
          "identity": {
            "account_id": "140592727911",
            "id": "subnet-0b8b7a65078106967",
            "region": "eu-central-1"
          },
          "private": "eyJlMmJmYjczMC1lY2FhLTExZTYtOGY4OC0zNDM2M2JjN2M0YzAiOnsiY3JlYXRlIjo2MDAwMDAwMDAwMDAsImRlbGV0ZSI6MTIwMDAwMDAwMDAwMH0sInNjaGVtYV92ZXJzaW9uIjoiMSJ9",
          "dependencies": [
            "module.vpc.aws_vpc.main"
          ]
        },
        {
          "index_key": 1,
          "schema_version": 1,
          "attributes": {
            "arn": "arn:aws:ec2:eu-central-1:140592727911:subnet/subnet-069cd645682c88f0e",
            "assign_ipv6_address_on_creation": false,
            "availability_zone": "eu-central-1b",
            "availability_zone_id": "euc1-az3",
            "cidr_block": "10.0.2.0/24",
            "customer_owned_ipv4_pool": "",
            "enable_dns64": false,
            "enable_lni_at_device_index": 0,
            "enable_resource_name_dns_a_record_on_launch": false,
            "enable_resource_name_dns_aaaa_record_on_launch": false,
            "id": "subnet-069cd645682c88f0e",
            "ipv6_cidr_block": "",
            "ipv6_cidr_block_association_id": "",
            "ipv6_native": false,
            "map_customer_owned_ip_on_launch": false,
            "map_public_ip_on_launch": true,
            "outpost_arn": "",
            "owner_id": "140592727911",
            "private_dns_hostname_type_on_launch": "ip-name",
            "region": "eu-central-1",
            "tags": {
              "Name": "finalproject-ivolve-public-2"
            },
            "tags_all": {
              "Name": "finalproject-ivolve-public-2"
            },
            "timeouts": null,
            "vpc_id": "vpc-09d7c97782ddd8c9b"
          },
          "sensitive_attributes": [],
          "identity_schema_version": 0,
          "identity": {
            "account_id": "140592727911",
            "id": "subnet-069cd645682c88f0e",
            "region": "eu-central-1"
          },
          "private": "eyJlMmJmYjczMC1lY2FhLTExZTYtOGY4OC0zNDM2M2JjN2M0YzAiOnsiY3JlYXRlIjo2MDAwMDAwMDAwMDAsImRlbGV0ZSI6MTIwMDAwMDAwMDAwMH0sInNjaGVtYV92ZXJzaW9uIjoiMSJ9",
          "dependencies": [
            "module.vpc.aws_vpc.main"
          ]
        }
      ]
    },
    {
      "module": "module.vpc",
      "mode": "managed",
      "type": "aws_vpc",
      "name": "main",
      "provider": "provider[\"registry.terraform.io/hashicorp/aws\"]",
      "instances": [
        {
          "schema_version": 1,
          "attributes": {
            "arn": "arn:aws:ec2:eu-central-1:140592727911:vpc/vpc-09d7c97782ddd8c9b",
            "assign_generated_ipv6_cidr_block": false,
            "cidr_block": "10.0.0.0/16",
            "default_network_acl_id": "acl-0833d040291d59e4b",
            "default_route_table_id": "rtb-007d5f8ee6f2375b3",
            "default_security_group_id": "sg-0dfcebd522541fc0c",
            "dhcp_options_id": "dopt-0b5183eeb717fd887",
            "enable_dns_hostnames": true,
            "enable_dns_support": true,
            "enable_network_address_usage_metrics": false,
            "id": "vpc-09d7c97782ddd8c9b",
            "instance_tenancy": "default",
            "ipv4_ipam_pool_id": null,
            "ipv4_netmask_length": null,
            "ipv6_association_id": "",
            "ipv6_cidr_block": "",
            "ipv6_cidr_block_network_border_group": "",
            "ipv6_ipam_pool_id": "",
            "ipv6_netmask_length": 0,
            "main_route_table_id": "rtb-007d5f8ee6f2375b3",
            "owner_id": "140592727911",
            "region": "eu-central-1",
            "tags": {
              "Name": "finalproject-ivolve-vpc"
            },
            "tags_all": {
              "Name": "finalproject-ivolve-vpc"
            }
          },
          "sensitive_attributes": [],
          "identity_schema_version": 0,
          "identity": {
            "account_id": "140592727911",
            "id": "vpc-09d7c97782ddd8c9b",
            "region": "eu-central-1"
          },
          "private": "eyJzY2hlbWFfdmVyc2lvbiI6IjEifQ=="
        }
      ]
    }
  ],
  "check_results": null
}
